# THIS IS AN AUTOGENERATED FILE. DO NOT EDIT THIS FILE DIRECTLY.
# yarn lockfile v1


"@esbuild/aix-ppc64@0.25.0":
  version "0.25.0"
  resolved "https://registry.yarnpkg.com/@esbuild/aix-ppc64/-/aix-ppc64-0.25.0.tgz#499600c5e1757a524990d5d92601f0ac3ce87f64"
  integrity sha512-O7vun9Sf8DFjH2UtqK8Ku3LkquL9SZL8OLY1T5NZkA34+wG3OQF7cl4Ql8vdNzM6fzBbYfLaiRLIOZ+2FOCgBQ==

"@esbuild/android-arm64@0.25.0":
  version "0.25.0"
  resolved "https://registry.yarnpkg.com/@esbuild/android-arm64/-/android-arm64-0.25.0.tgz#b9b8231561a1dfb94eb31f4ee056b92a985c324f"
  integrity sha512-grvv8WncGjDSyUBjN9yHXNt+cq0snxXbDxy5pJtzMKGmmpPxeAmAhWxXI+01lU5rwZomDgD3kJwulEnhTRUd6g==

"@esbuild/android-arm@0.25.0":
  version "0.25.0"
  resolved "https://registry.yarnpkg.com/@esbuild/android-arm/-/android-arm-0.25.0.tgz#ca6e7888942505f13e88ac9f5f7d2a72f9facd2b"
  integrity sha512-PTyWCYYiU0+1eJKmw21lWtC+d08JDZPQ5g+kFyxP0V+es6VPPSUhM6zk8iImp2jbV6GwjX4pap0JFbUQN65X1g==

"@esbuild/android-x64@0.25.0":
  version "0.25.0"
  resolved "https://registry.yarnpkg.com/@esbuild/android-x64/-/android-x64-0.25.0.tgz#e765ea753bac442dfc9cb53652ce8bd39d33e163"
  integrity sha512-m/ix7SfKG5buCnxasr52+LI78SQ+wgdENi9CqyCXwjVR2X4Jkz+BpC3le3AoBPYTC9NHklwngVXvbJ9/Akhrfg==

"@esbuild/darwin-arm64@0.25.0":
  version "0.25.0"
  resolved "https://registry.yarnpkg.com/@esbuild/darwin-arm64/-/darwin-arm64-0.25.0.tgz#fa394164b0d89d4fdc3a8a21989af70ef579fa2c"
  integrity sha512-mVwdUb5SRkPayVadIOI78K7aAnPamoeFR2bT5nszFUZ9P8UpK4ratOdYbZZXYSqPKMHfS1wdHCJk1P1EZpRdvw==

"@esbuild/darwin-x64@0.25.0":
  version "0.25.0"
  resolved "https://registry.yarnpkg.com/@esbuild/darwin-x64/-/darwin-x64-0.25.0.tgz#91979d98d30ba6e7d69b22c617cc82bdad60e47a"
  integrity sha512-DgDaYsPWFTS4S3nWpFcMn/33ZZwAAeAFKNHNa1QN0rI4pUjgqf0f7ONmXf6d22tqTY+H9FNdgeaAa+YIFUn2Rg==

"@esbuild/freebsd-arm64@0.25.0":
  version "0.25.0"
  resolved "https://registry.yarnpkg.com/@esbuild/freebsd-arm64/-/freebsd-arm64-0.25.0.tgz#b97e97073310736b430a07b099d837084b85e9ce"
  integrity sha512-VN4ocxy6dxefN1MepBx/iD1dH5K8qNtNe227I0mnTRjry8tj5MRk4zprLEdG8WPyAPb93/e4pSgi1SoHdgOa4w==

"@esbuild/freebsd-x64@0.25.0":
  version "0.25.0"
  resolved "https://registry.yarnpkg.com/@esbuild/freebsd-x64/-/freebsd-x64-0.25.0.tgz#f3b694d0da61d9910ec7deff794d444cfbf3b6e7"
  integrity sha512-mrSgt7lCh07FY+hDD1TxiTyIHyttn6vnjesnPoVDNmDfOmggTLXRv8Id5fNZey1gl/V2dyVK1VXXqVsQIiAk+A==

"@esbuild/linux-arm64@0.25.0":
  version "0.25.0"
  resolved "https://registry.yarnpkg.com/@esbuild/linux-arm64/-/linux-arm64-0.25.0.tgz#f921f699f162f332036d5657cad9036f7a993f73"
  integrity sha512-9QAQjTWNDM/Vk2bgBl17yWuZxZNQIF0OUUuPZRKoDtqF2k4EtYbpyiG5/Dk7nqeK6kIJWPYldkOcBqjXjrUlmg==

"@esbuild/linux-arm@0.25.0":
  version "0.25.0"
  resolved "https://registry.yarnpkg.com/@esbuild/linux-arm/-/linux-arm-0.25.0.tgz#cc49305b3c6da317c900688995a4050e6cc91ca3"
  integrity sha512-vkB3IYj2IDo3g9xX7HqhPYxVkNQe8qTK55fraQyTzTX/fxaDtXiEnavv9geOsonh2Fd2RMB+i5cbhu2zMNWJwg==

"@esbuild/linux-ia32@0.25.0":
  version "0.25.0"
  resolved "https://registry.yarnpkg.com/@esbuild/linux-ia32/-/linux-ia32-0.25.0.tgz#3e0736fcfab16cff042dec806247e2c76e109e19"
  integrity sha512-43ET5bHbphBegyeqLb7I1eYn2P/JYGNmzzdidq/w0T8E2SsYL1U6un2NFROFRg1JZLTzdCoRomg8Rvf9M6W6Gg==

"@esbuild/linux-loong64@0.25.0":
  version "0.25.0"
  resolved "https://registry.yarnpkg.com/@esbuild/linux-loong64/-/linux-loong64-0.25.0.tgz#ea2bf730883cddb9dfb85124232b5a875b8020c7"
  integrity sha512-fC95c/xyNFueMhClxJmeRIj2yrSMdDfmqJnyOY4ZqsALkDrrKJfIg5NTMSzVBr5YW1jf+l7/cndBfP3MSDpoHw==

"@esbuild/linux-mips64el@0.25.0":
  version "0.25.0"
  resolved "https://registry.yarnpkg.com/@esbuild/linux-mips64el/-/linux-mips64el-0.25.0.tgz#4cababb14eede09248980a2d2d8b966464294ff1"
  integrity sha512-nkAMFju7KDW73T1DdH7glcyIptm95a7Le8irTQNO/qtkoyypZAnjchQgooFUDQhNAy4iu08N79W4T4pMBwhPwQ==

"@esbuild/linux-ppc64@0.25.0":
  version "0.25.0"
  resolved "https://registry.yarnpkg.com/@esbuild/linux-ppc64/-/linux-ppc64-0.25.0.tgz#8860a4609914c065373a77242e985179658e1951"
  integrity sha512-NhyOejdhRGS8Iwv+KKR2zTq2PpysF9XqY+Zk77vQHqNbo/PwZCzB5/h7VGuREZm1fixhs4Q/qWRSi5zmAiO4Fw==

"@esbuild/linux-riscv64@0.25.0":
  version "0.25.0"
  resolved "https://registry.yarnpkg.com/@esbuild/linux-riscv64/-/linux-riscv64-0.25.0.tgz#baf26e20bb2d38cfb86ee282dff840c04f4ed987"
  integrity sha512-5S/rbP5OY+GHLC5qXp1y/Mx//e92L1YDqkiBbO9TQOvuFXM+iDqUNG5XopAnXoRH3FjIUDkeGcY1cgNvnXp/kA==

"@esbuild/linux-s390x@0.25.0":
  version "0.25.0"
  resolved "https://registry.yarnpkg.com/@esbuild/linux-s390x/-/linux-s390x-0.25.0.tgz#8323afc0d6cb1b6dc6e9fd21efd9e1542c3640a4"
  integrity sha512-XM2BFsEBz0Fw37V0zU4CXfcfuACMrppsMFKdYY2WuTS3yi8O1nFOhil/xhKTmE1nPmVyvQJjJivgDT+xh8pXJA==

"@esbuild/linux-x64@0.25.0":
  version "0.25.0"
  resolved "https://registry.yarnpkg.com/@esbuild/linux-x64/-/linux-x64-0.25.0.tgz#08fcf60cb400ed2382e9f8e0f5590bac8810469a"
  integrity sha512-9yl91rHw/cpwMCNytUDxwj2XjFpxML0y9HAOH9pNVQDpQrBxHy01Dx+vaMu0N1CKa/RzBD2hB4u//nfc+Sd3Cw==

"@esbuild/netbsd-arm64@0.25.0":
  version "0.25.0"
  resolved "https://registry.yarnpkg.com/@esbuild/netbsd-arm64/-/netbsd-arm64-0.25.0.tgz#935c6c74e20f7224918fbe2e6c6fe865b6c6ea5b"
  integrity sha512-RuG4PSMPFfrkH6UwCAqBzauBWTygTvb1nxWasEJooGSJ/NwRw7b2HOwyRTQIU97Hq37l3npXoZGYMy3b3xYvPw==

"@esbuild/netbsd-x64@0.25.0":
  version "0.25.0"
  resolved "https://registry.yarnpkg.com/@esbuild/netbsd-x64/-/netbsd-x64-0.25.0.tgz#414677cef66d16c5a4d210751eb2881bb9c1b62b"
  integrity sha512-jl+qisSB5jk01N5f7sPCsBENCOlPiS/xptD5yxOx2oqQfyourJwIKLRA2yqWdifj3owQZCL2sn6o08dBzZGQzA==

"@esbuild/openbsd-arm64@0.25.0":
  version "0.25.0"
  resolved "https://registry.yarnpkg.com/@esbuild/openbsd-arm64/-/openbsd-arm64-0.25.0.tgz#8fd55a4d08d25cdc572844f13c88d678c84d13f7"
  integrity sha512-21sUNbq2r84YE+SJDfaQRvdgznTD8Xc0oc3p3iW/a1EVWeNj/SdUCbm5U0itZPQYRuRTW20fPMWMpcrciH2EJw==

"@esbuild/openbsd-x64@0.25.0":
  version "0.25.0"
  resolved "https://registry.yarnpkg.com/@esbuild/openbsd-x64/-/openbsd-x64-0.25.0.tgz#0c48ddb1494bbc2d6bcbaa1429a7f465fa1dedde"
  integrity sha512-2gwwriSMPcCFRlPlKx3zLQhfN/2WjJ2NSlg5TKLQOJdV0mSxIcYNTMhk3H3ulL/cak+Xj0lY1Ym9ysDV1igceg==

"@esbuild/sunos-x64@0.25.0":
  version "0.25.0"
  resolved "https://registry.yarnpkg.com/@esbuild/sunos-x64/-/sunos-x64-0.25.0.tgz#86ff9075d77962b60dd26203d7352f92684c8c92"
  integrity sha512-bxI7ThgLzPrPz484/S9jLlvUAHYMzy6I0XiU1ZMeAEOBcS0VePBFxh1JjTQt3Xiat5b6Oh4x7UC7IwKQKIJRIg==

"@esbuild/win32-arm64@0.25.0":
  version "0.25.0"
  resolved "https://registry.yarnpkg.com/@esbuild/win32-arm64/-/win32-arm64-0.25.0.tgz#849c62327c3229467f5b5cd681bf50588442e96c"
  integrity sha512-ZUAc2YK6JW89xTbXvftxdnYy3m4iHIkDtK3CLce8wg8M2L+YZhIvO1DKpxrd0Yr59AeNNkTiic9YLf6FTtXWMw==

"@esbuild/win32-ia32@0.25.0":
  version "0.25.0"
  resolved "https://registry.yarnpkg.com/@esbuild/win32-ia32/-/win32-ia32-0.25.0.tgz#f62eb480cd7cca088cb65bb46a6db25b725dc079"
  integrity sha512-eSNxISBu8XweVEWG31/JzjkIGbGIJN/TrRoiSVZwZ6pkC6VX4Im/WV2cz559/TXLcYbcrDN8JtKgd9DJVIo8GA==

"@esbuild/win32-x64@0.25.0":
  version "0.25.0"
  resolved "https://registry.yarnpkg.com/@esbuild/win32-x64/-/win32-x64-0.25.0.tgz#c8e119a30a7c8d60b9d2e22d2073722dde3b710b"
  integrity sha512-ZENoHJBxA20C2zFzh6AI4fT6RraMzjYw4xKWemRTRmRVtN9c5DcH9r/f2ihEkMjOW5eGgrwCslG/+Y/3bL+DHQ==

"@rollup/rollup-android-arm-eabi@4.41.0":
  version "4.41.0"
  resolved "https://registry.yarnpkg.com/@rollup/rollup-android-arm-eabi/-/rollup-android-arm-eabi-4.41.0.tgz#9145b38faf3fbfe3ec557130110e772f797335aa"
  integrity sha512-KxN+zCjOYHGwCl4UCtSfZ6jrq/qi88JDUtiEFk8LELEHq2Egfc/FgW+jItZiOLRuQfb/3xJSgFuNPC9jzggX+A==

"@rollup/rollup-android-arm64@4.41.0":
  version "4.41.0"
  resolved "https://registry.yarnpkg.com/@rollup/rollup-android-arm64/-/rollup-android-arm64-4.41.0.tgz#d73d641c59e9d7827e5ce0af9dfbc168b95cce0f"
  integrity sha512-yDvqx3lWlcugozax3DItKJI5j05B0d4Kvnjx+5mwiUpWramVvmAByYigMplaoAQ3pvdprGCTCE03eduqE/8mPQ==

"@rollup/rollup-darwin-arm64@4.41.0":
  version "4.41.0"
  resolved "https://registry.yarnpkg.com/@rollup/rollup-darwin-arm64/-/rollup-darwin-arm64-4.41.0.tgz#45d9d71d941117c98e7a5e77f60f0bc682d27e82"
  integrity sha512-2KOU574vD3gzcPSjxO0eyR5iWlnxxtmW1F5CkNOHmMlueKNCQkxR6+ekgWyVnz6zaZihpUNkGxjsYrkTJKhkaw==

"@rollup/rollup-darwin-x64@4.41.0":
  version "4.41.0"
  resolved "https://registry.yarnpkg.com/@rollup/rollup-darwin-x64/-/rollup-darwin-x64-4.41.0.tgz#8d72fb5f81714cb43e90f263fb1674520cce3f2a"
  integrity sha512-gE5ACNSxHcEZyP2BA9TuTakfZvULEW4YAOtxl/A/YDbIir/wPKukde0BNPlnBiP88ecaN4BJI2TtAd+HKuZPQQ==

"@rollup/rollup-freebsd-arm64@4.41.0":
  version "4.41.0"
  resolved "https://registry.yarnpkg.com/@rollup/rollup-freebsd-arm64/-/rollup-freebsd-arm64-4.41.0.tgz#a52b58852c9cec9255e382a2f335b08bc8c6111d"
  integrity sha512-GSxU6r5HnWij7FoSo7cZg3l5GPg4HFLkzsFFh0N/b16q5buW1NAWuCJ+HMtIdUEi6XF0qH+hN0TEd78laRp7Dg==

"@rollup/rollup-freebsd-x64@4.41.0":
  version "4.41.0"
  resolved "https://registry.yarnpkg.com/@rollup/rollup-freebsd-x64/-/rollup-freebsd-x64-4.41.0.tgz#104511dc64612789ddda41d164ab07cdac84a6c1"
  integrity sha512-KGiGKGDg8qLRyOWmk6IeiHJzsN/OYxO6nSbT0Vj4MwjS2XQy/5emsmtoqLAabqrohbgLWJ5GV3s/ljdrIr8Qjg==

"@rollup/rollup-linux-arm-gnueabihf@4.41.0":
  version "4.41.0"
  resolved "https://registry.yarnpkg.com/@rollup/rollup-linux-arm-gnueabihf/-/rollup-linux-arm-gnueabihf-4.41.0.tgz#643e3ad19c93903201fde89abd76baaee725e6c2"
  integrity sha512-46OzWeqEVQyX3N2/QdiU/CMXYDH/lSHpgfBkuhl3igpZiaB3ZIfSjKuOnybFVBQzjsLwkus2mjaESy8H41SzvA==

"@rollup/rollup-linux-arm-musleabihf@4.41.0":
  version "4.41.0"
  resolved "https://registry.yarnpkg.com/@rollup/rollup-linux-arm-musleabihf/-/rollup-linux-arm-musleabihf-4.41.0.tgz#fdc6a595aec7b20c5bfdac81412028c56d734e63"
  integrity sha512-lfgW3KtQP4YauqdPpcUZHPcqQXmTmH4nYU0cplNeW583CMkAGjtImw4PKli09NFi2iQgChk4e9erkwlfYem6Lg==

"@rollup/rollup-linux-arm64-gnu@4.41.0":
  version "4.41.0"
  resolved "https://registry.yarnpkg.com/@rollup/rollup-linux-arm64-gnu/-/rollup-linux-arm64-gnu-4.41.0.tgz#c28620bcd385496bdbbc24920b21f9fcca9ecbfa"
  integrity sha512-nn8mEyzMbdEJzT7cwxgObuwviMx6kPRxzYiOl6o/o+ChQq23gfdlZcUNnt89lPhhz3BYsZ72rp0rxNqBSfqlqw==

"@rollup/rollup-linux-arm64-musl@4.41.0":
  version "4.41.0"
  resolved "https://registry.yarnpkg.com/@rollup/rollup-linux-arm64-musl/-/rollup-linux-arm64-musl-4.41.0.tgz#a6b71b1e8fa33bac9f65b6f879e8ed878035d120"
  integrity sha512-l+QK99je2zUKGd31Gh+45c4pGDAqZSuWQiuRFCdHYC2CSiO47qUWsCcenrI6p22hvHZrDje9QjwSMAFL3iwXwQ==

"@rollup/rollup-linux-loongarch64-gnu@4.41.0":
  version "4.41.0"
  resolved "https://registry.yarnpkg.com/@rollup/rollup-linux-loongarch64-gnu/-/rollup-linux-loongarch64-gnu-4.41.0.tgz#b06374601ce865a1110324b2f06db574d3a1b0e1"
  integrity sha512-WbnJaxPv1gPIm6S8O/Wg+wfE/OzGSXlBMbOe4ie+zMyykMOeqmgD1BhPxZQuDqwUN+0T/xOFtL2RUWBspnZj3w==

"@rollup/rollup-linux-powerpc64le-gnu@4.41.0":
  version "4.41.0"
  resolved "https://registry.yarnpkg.com/@rollup/rollup-linux-powerpc64le-gnu/-/rollup-linux-powerpc64le-gnu-4.41.0.tgz#8a2a1f6058c920889c2aff3753a20fead7a8cc26"
  integrity sha512-eRDWR5t67/b2g8Q/S8XPi0YdbKcCs4WQ8vklNnUYLaSWF+Cbv2axZsp4jni6/j7eKvMLYCYdcsv8dcU+a6QNFg==

"@rollup/rollup-linux-riscv64-gnu@4.41.0":
  version "4.41.0"
  resolved "https://registry.yarnpkg.com/@rollup/rollup-linux-riscv64-gnu/-/rollup-linux-riscv64-gnu-4.41.0.tgz#8ef6f680d011b95a2f6546c6c31a37a33138035f"
  integrity sha512-TWrZb6GF5jsEKG7T1IHwlLMDRy2f3DPqYldmIhnA2DVqvvhY2Ai184vZGgahRrg8k9UBWoSlHv+suRfTN7Ua4A==

"@rollup/rollup-linux-riscv64-musl@4.41.0":
  version "4.41.0"
  resolved "https://registry.yarnpkg.com/@rollup/rollup-linux-riscv64-musl/-/rollup-linux-riscv64-musl-4.41.0.tgz#9f4884c5955a7cd39b396f6e27aa59b3269988eb"
  integrity sha512-ieQljaZKuJpmWvd8gW87ZmSFwid6AxMDk5bhONJ57U8zT77zpZ/TPKkU9HpnnFrM4zsgr4kiGuzbIbZTGi7u9A==

"@rollup/rollup-linux-s390x-gnu@4.41.0":
  version "4.41.0"
  resolved "https://registry.yarnpkg.com/@rollup/rollup-linux-s390x-gnu/-/rollup-linux-s390x-gnu-4.41.0.tgz#5619303cc51994e3df404a497f42c79dc5efd6eb"
  integrity sha512-/L3pW48SxrWAlVsKCN0dGLB2bi8Nv8pr5S5ocSM+S0XCn5RCVCXqi8GVtHFsOBBCSeR+u9brV2zno5+mg3S4Aw==

"@rollup/rollup-linux-x64-gnu@4.41.0":
  version "4.41.0"
  resolved "https://registry.yarnpkg.com/@rollup/rollup-linux-x64-gnu/-/rollup-linux-x64-gnu-4.41.0.tgz#c3e42b66c04e25ad0f2a00beec42ede96ccc8983"
  integrity sha512-XMLeKjyH8NsEDCRptf6LO8lJk23o9wvB+dJwcXMaH6ZQbbkHu2dbGIUindbMtRN6ux1xKi16iXWu6q9mu7gDhQ==

"@rollup/rollup-linux-x64-musl@4.41.0":
  version "4.41.0"
  resolved "https://registry.yarnpkg.com/@rollup/rollup-linux-x64-musl/-/rollup-linux-x64-musl-4.41.0.tgz#8d3452de42aa72fc5fc3e5ad1eb0b68030742a25"
  integrity sha512-m/P7LycHZTvSQeXhFmgmdqEiTqSV80zn6xHaQ1JSqwCtD1YGtwEK515Qmy9DcB2HK4dOUVypQxvhVSy06cJPEg==

"@rollup/rollup-win32-arm64-msvc@4.41.0":
  version "4.41.0"
  resolved "https://registry.yarnpkg.com/@rollup/rollup-win32-arm64-msvc/-/rollup-win32-arm64-msvc-4.41.0.tgz#3b7bbd9f43f1c380061f306abce6f3f64de20306"
  integrity sha512-4yodtcOrFHpbomJGVEqZ8fzD4kfBeCbpsUy5Pqk4RluXOdsWdjLnjhiKy2w3qzcASWd04fp52Xz7JKarVJ5BTg==

"@rollup/rollup-win32-ia32-msvc@4.41.0":
  version "4.41.0"
  resolved "https://registry.yarnpkg.com/@rollup/rollup-win32-ia32-msvc/-/rollup-win32-ia32-msvc-4.41.0.tgz#e27ef5c40bbec49fac3d4e4b1618fbe4597b40e5"
  integrity sha512-tmazCrAsKzdkXssEc65zIE1oC6xPHwfy9d5Ta25SRCDOZS+I6RypVVShWALNuU9bxIfGA0aqrmzlzoM5wO5SPQ==

"@rollup/rollup-win32-x64-msvc@4.41.0":
  version "4.41.0"
  resolved "https://registry.yarnpkg.com/@rollup/rollup-win32-x64-msvc/-/rollup-win32-x64-msvc-4.41.0.tgz#b0b595ad4720259bbb81600750d26a655cac06be"
  integrity sha512-h1J+Yzjo/X+0EAvR2kIXJDuTuyT7drc+t2ALY0nIcGPbTatNOf0VWdhEA2Z4AAjv6X1NJV7SYo5oCTYRJhSlVA==

"@types/estree@1.0.7":
  version "1.0.7"
  resolved "https://registry.yarnpkg.com/@types/estree/-/estree-1.0.7.tgz#4158d3105276773d5b7695cd4834b1722e4f37a8"
  integrity sha512-w28IoSUCJpidD/TGviZwwMJckNESJZXFu7NBZ5YJ4mEUnNraUn9Pm8HSZm/jDF1pDWYKspWE7oVphigUPRakIQ==

esbuild@^0.25.0:
  version "0.25.0"
  resolved "https://registry.yarnpkg.com/esbuild/-/esbuild-0.25.0.tgz#0de1787a77206c5a79eeb634a623d39b5006ce92"
  integrity sha512-BXq5mqc8ltbaN34cDqWuYKyNhX8D/Z0J1xdtdQ8UcIIIyJyz+ZMKUt58tF3SrZ85jcfN/PZYhjR5uDQAYNVbuw==
  optionalDependencies:
    "@esbuild/aix-ppc64" "0.25.0"
    "@esbuild/android-arm" "0.25.0"
    "@esbuild/android-arm64" "0.25.0"
    "@esbuild/android-x64" "0.25.0"
    "@esbuild/darwin-arm64" "0.25.0"
    "@esbuild/darwin-x64" "0.25.0"
    "@esbuild/freebsd-arm64" "0.25.0"
    "@esbuild/freebsd-x64" "0.25.0"
    "@esbuild/linux-arm" "0.25.0"
    "@esbuild/linux-arm64" "0.25.0"
    "@esbuild/linux-ia32" "0.25.0"
    "@esbuild/linux-loong64" "0.25.0"
    "@esbuild/linux-mips64el" "0.25.0"
    "@esbuild/linux-ppc64" "0.25.0"
    "@esbuild/linux-riscv64" "0.25.0"
    "@esbuild/linux-s390x" "0.25.0"
    "@esbuild/linux-x64" "0.25.0"
    "@esbuild/netbsd-arm64" "0.25.0"
    "@esbuild/netbsd-x64" "0.25.0"
    "@esbuild/openbsd-arm64" "0.25.0"
    "@esbuild/openbsd-x64" "0.25.0"
    "@esbuild/sunos-x64" "0.25.0"
    "@esbuild/win32-arm64" "0.25.0"
    "@esbuild/win32-ia32" "0.25.0"
    "@esbuild/win32-x64" "0.25.0"

fdir@^6.4.4:
  version "6.4.4"
  resolved "https://registry.yarnpkg.com/fdir/-/fdir-6.4.4.tgz#1cfcf86f875a883e19a8fab53622cfe992e8d2f9"
  integrity sha512-1NZP+GK4GfuAv3PqKvxQRDMjdSRZjnkq7KfhlNrCNNlZ0ygQFpebfrnfnq/W7fpUnAv9aGWmY1zKx7FYL3gwhg==

fsevents@~2.3.2, fsevents@~2.3.3:
  version "2.3.3"
  resolved "https://registry.yarnpkg.com/fsevents/-/fsevents-2.3.3.tgz#cac6407785d03675a2a5e1a5305c697b347d90d6"
  integrity sha512-5xoDfX+fL7faATnagmWPpbFtwh/R77WmMMqqHGS65C3vvB0YHrgF+B1YmZ3441tMj5n63k0212XNoJwzlhffQw==

nanoid@^3.3.8:
  version "3.3.8"
  resolved "https://registry.yarnpkg.com/nanoid/-/nanoid-3.3.8.tgz#b1be3030bee36aaff18bacb375e5cce521684baf"
  integrity sha512-WNLf5Sd8oZxOm+TzppcYk8gVOgP+l58xNy58D0nbUnOxOWRWvlcCV4kUF7ltmI6PsrLl/BgKEyS4mqsGChFN0w==

picocolors@^1.1.1:
  version "1.1.1"
  resolved "https://registry.yarnpkg.com/picocolors/-/picocolors-1.1.1.tgz#3d321af3eab939b083c8f929a1d12cda81c26b6b"
  integrity sha512-xceH2snhtb5M9liqDsmEw56le376mTZkEX/jEb/RxNFyegNul7eNslCXP9FDj/Lcu0X8KEyMceP2ntpaHrDEVA==

picomatch@^4.0.2:
  version "4.0.2"
  resolved "https://registry.yarnpkg.com/picomatch/-/picomatch-4.0.2.tgz#77c742931e8f3b8820946c76cd0c1f13730d1dab"
  integrity sha512-M7BAV6Rlcy5u+m6oPhAPFgJTzAioX/6B0DxyvDlo9l8+T3nLKbrczg2WLUyzd45L8RqfUMyGPzekbMvX2Ldkwg==

postcss@^8.5.3:
  version "8.5.3"
  resolved "https://registry.yarnpkg.com/postcss/-/postcss-8.5.3.tgz#1463b6f1c7fb16fe258736cba29a2de35237eafb"
  integrity sha512-dle9A3yYxlBSrt8Fu+IpjGT8SY8hN0mlaA6GY8t0P5PjIOZemULz/E2Bnm/2dcUOena75OTNkHI76uZBNUUq3A==
  dependencies:
    nanoid "^3.3.8"
    picocolors "^1.1.1"
    source-map-js "^1.2.1"

rollup@^4.34.9:
  version "4.41.0"
  resolved "https://registry.yarnpkg.com/rollup/-/rollup-4.41.0.tgz#17476835d2967759e3ffebe5823ed15fc4b7d13e"
  integrity sha512-HqMFpUbWlf/tvcxBFNKnJyzc7Lk+XO3FGc3pbNBLqEbOz0gPLRgcrlS3UF4MfUrVlstOaP/q0kM6GVvi+LrLRg==
  dependencies:
    "@types/estree" "1.0.7"
  optionalDependencies:
    "@rollup/rollup-android-arm-eabi" "4.41.0"
    "@rollup/rollup-android-arm64" "4.41.0"
    "@rollup/rollup-darwin-arm64" "4.41.0"
    "@rollup/rollup-darwin-x64" "4.41.0"
    "@rollup/rollup-freebsd-arm64" "4.41.0"
    "@rollup/rollup-freebsd-x64" "4.41.0"
    "@rollup/rollup-linux-arm-gnueabihf" "4.41.0"
    "@rollup/rollup-linux-arm-musleabihf" "4.41.0"
    "@rollup/rollup-linux-arm64-gnu" "4.41.0"
    "@rollup/rollup-linux-arm64-musl" "4.41.0"
    "@rollup/rollup-linux-loongarch64-gnu" "4.41.0"
    "@rollup/rollup-linux-powerpc64le-gnu" "4.41.0"
    "@rollup/rollup-linux-riscv64-gnu" "4.41.0"
    "@rollup/rollup-linux-riscv64-musl" "4.41.0"
    "@rollup/rollup-linux-s390x-gnu" "4.41.0"
    "@rollup/rollup-linux-x64-gnu" "4.41.0"
    "@rollup/rollup-linux-x64-musl" "4.41.0"
    "@rollup/rollup-win32-arm64-msvc" "4.41.0"
    "@rollup/rollup-win32-ia32-msvc" "4.41.0"
    "@rollup/rollup-win32-x64-msvc" "4.41.0"
    fsevents "~2.3.2"

source-map-js@^1.2.1:
  version "1.2.1"
  resolved "https://registry.yarnpkg.com/source-map-js/-/source-map-js-1.2.1.tgz#1ce5650fddd87abc099eda37dcff024c2667ae46"
  integrity sha512-UXWMKhLOwVKb728IUtQPXxfYU+usdybtUrK/8uGE8CQMvrhOpwvzDBwj0QhSL7MQc7vIsISBG8VQ8+IDQxpfQA==

tinyglobby@^0.2.13:
  version "0.2.13"
  resolved "https://registry.yarnpkg.com/tinyglobby/-/tinyglobby-0.2.13.tgz#a0e46515ce6cbcd65331537e57484af5a7b2ff7e"
  integrity sha512-mEwzpUgrLySlveBwEVDMKk5B57bhLPYovRfPAXD5gA/98Opn0rCDj3GtLwFvCvH5RK9uPCExUROW5NjDwvqkxw==
  dependencies:
    fdir "^6.4.4"
    picomatch "^4.0.2"

tinymce@^7.9.0:
  version "7.9.0"
  resolved "https://registry.yarnpkg.com/tinymce/-/tinymce-7.9.0.tgz#92e2260629de77e864e0a66e61c4a6193cf9cc32"
  integrity sha512-tTrUmUGWqy1BY1WwDYh4WiuHm23LiRTcE1Xq3WLO8HKFzde/d0bTF/hXWOa97zqGh0ndJHx/nysQaNC9Gcd16g==

vite@^6.3.5:
  version "6.3.5"
  resolved "https://registry.yarnpkg.com/vite/-/vite-6.3.5.tgz#fec73879013c9c0128c8d284504c6d19410d12a3"
  integrity sha512-cZn6NDFE7wdTpINgs++ZJ4N49W2vRp8LCKrn3Ob1kYNtOo21vfDoaV5GzBfLU4MovSAB8uNRm4jgzVQZ+mBzPQ==
  dependencies:
    esbuild "^0.25.0"
    fdir "^6.4.4"
    picomatch "^4.0.2"
    postcss "^8.5.3"
    rollup "^4.34.9"
    tinyglobby "^0.2.13"
  optionalDependencies:
    fsevents "~2.3.3"
